
Microsoft Visual Studio Solution File, Format Version 12.00
# Visual Studio Version 16
VisualStudioVersion = 16.0.31727.386
MinimumVisualStudioVersion = 10.0.40219.1
Project("{FAE04EC0-301F-11D3-BF4B-00C04F79EFBC}") = "CollectionView Movies App.UWP", "CollectionView Movies App.UWP\CollectionView Movies App.UWP.csproj", "{23B01A7B-671B-4734-8DA5-F22980C43463}"
EndProject
Project("{FAE04EC0-301F-11D3-BF4B-00C04F79EFBC}") = "CollectionView Movies App.Android", "CollectionView Movies App.Android\CollectionView Movies App.Android.csproj", "{869E5137-B752-4A03-9077-57E6AF2CF7DD}"
EndProject
Project("{FAE04EC0-301F-11D3-BF4B-00C04F79EFBC}") = "CollectionView Movies App.iOS", "CollectionView Movies App.iOS\CollectionView Movies App.iOS.csproj", "{E5FBEFD2-816E-4D3C-A6D1-3BF9F21E4FE7}"
EndProject
Project("{FAE04EC0-301F-11D3-BF4B-00C04F79EFBC}") = "CollectionView Movies App", "CollectionView Movies App\CollectionView Movies App.csproj", "{D5BF156C-8F75-44F0-B8D7-3336BF57C670}"
EndProject
Global
	GlobalSection(SolutionConfigurationPlatforms) = preSolution
		Debug|Any CPU = Debug|Any CPU
		Debug|ARM = Debug|ARM
		Debug|iPhone = Debug|iPhone
		Debug|iPhoneSimulator = Debug|iPhoneSimulator
		Debug|x64 = Debug|x64
		Debug|x86 = Debug|x86
		Release|Any CPU = Release|Any CPU
		Release|ARM = Release|ARM
		Release|iPhone = Release|iPhone
		Release|iPhoneSimulator = Release|iPhoneSimulator
		Release|x64 = Release|x64
		Release|x86 = Release|x86
	EndGlobalSection
	GlobalSection(ProjectConfigurationPlatforms) = postSolution
		{23B01A7B-671B-4734-8DA5-F22980C43463}.Debug|Any CPU.ActiveCfg = Debug|x86
		{23B01A7B-671B-4734-8DA5-F22980C43463}.Debug|Any CPU.Build.0 = Debug|x86
		{23B01A7B-671B-4734-8DA5-F22980C43463}.Debug|Any CPU.Deploy.0 = Debug|x86
		{23B01A7B-671B-4734-8DA5-F22980C43463}.Debug|ARM.ActiveCfg = Debug|ARM
		{23B01A7B-671B-4734-8DA5-F22980C43463}.Debug|ARM.Build.0 = Debug|ARM
		{23B01A7B-671B-4734-8DA5-F22980C43463}.Debug|ARM.Deploy.0 = Debug|ARM
		{23B01A7B-671B-4734-8DA5-F22980C43463}.Debug|iPhone.ActiveCfg = Debug|x86
		{23B01A7B-671B-4734-8DA5-F22980C43463}.Debug|iPhone.Build.0 = Debug|x86
		{23B01A7B-671B-4734-8DA5-F22980C43463}.Debug|iPhone.Deploy.0 = Debug|x86
		{23B01A7B-671B-4734-8DA5-F22980C43463}.Debug|iPhoneSimulator.ActiveCfg = Debug|x86
		{23B01A7B-671B-4734-8DA5-F22980C43463}.Debug|iPhoneSimulator.Build.0 = Debug|x86
		{23B01A7B-671B-4734-8DA5-F22980C43463}.Debug|iPhoneSimulator.Deploy.0 = Debug|x86
		{23B01A7B-671B-4734-8DA5-F22980C43463}.Debug|x64.ActiveCfg = Debug|x64
		{23B01A7B-671B-4734-8DA5-F22980C43463}.Debug|x64.Build.0 = Debug|x64
		{23B01A7B-671B-4734-8DA5-F22980C43463}.Debug|x64.Deploy.0 = Debug|x64
		{23B01A7B-671B-4734-8DA5-F22980C43463}.Debug|x86.ActiveCfg = Debug|x86
		{23B01A7B-671B-4734-8DA5-F22980C43463}.Debug|x86.Build.0 = Debug|x86
		{23B01A7B-671B-4734-8DA5-F22980C43463}.Debug|x86.Deploy.0 = Debug|x86
		{23B01A7B-671B-4734-8DA5-F22980C43463}.Release|Any CPU.ActiveCfg = Release|x86
		{23B01A7B-671B-4734-8DA5-F22980C43463}.Release|Any CPU.Build.0 = Release|x86
		{23B01A7B-671B-4734-8DA5-F22980C43463}.Release|Any CPU.Deploy.0 = Release|x86
		{23B01A7B-671B-4734-8DA5-F22980C43463}.Release|ARM.ActiveCfg = Release|ARM
		{23B01A7B-671B-4734-8DA5-F22980C43463}.Release|ARM.Build.0 = Release|ARM
		{23B01A7B-671B-4734-8DA5-F22980C43463}.Release|ARM.Deploy.0 = Release|ARM
		{23B01A7B-671B-4734-8DA5-F22980C43463}.Release|iPhone.ActiveCfg = Release|x86
		{23B01A7B-671B-4734-8DA5-F22980C43463}.Release|iPhone.Build.0 = Release|x86
		{23B01A7B-671B-4734-8DA5-F22980C43463}.Release|iPhone.Deploy.0 = Release|x86
		{23B01A7B-671B-4734-8DA5-F22980C43463}.Release|iPhoneSimulator.ActiveCfg = Release|x86
		{23B01A7B-671B-4734-8DA5-F22980C43463}.Release|iPhoneSimulator.Build.0 = Release|x86
		{23B01A7B-671B-4734-8DA5-F22980C43463}.Release|iPhoneSimulator.Deploy.0 = Release|x86
		{23B01A7B-671B-4734-8DA5-F22980C43463}.Release|x64.ActiveCfg = Release|x64
		{23B01A7B-671B-4734-8DA5-F22980C43463}.Release|x64.Build.0 = Release|x64
		{23B01A7B-671B-4734-8DA5-F22980C43463}.Release|x64.Deploy.0 = Release|x64
		{23B01A7B-671B-4734-8DA5-F22980C43463}.Release|x86.ActiveCfg = Release|x86
		{23B01A7B-671B-4734-8DA5-F22980C43463}.Release|x86.Build.0 = Release|x86
		{23B01A7B-671B-4734-8DA5-F22980C43463}.Release|x86.Deploy.0 = Release|x86
		{869E5137-B752-4A03-9077-57E6AF2CF7DD}.Debug|Any CPU.ActiveCfg = Debug|Any CPU
		{869E5137-B752-4A03-9077-57E6AF2CF7DD}.Debug|Any CPU.Build.0 = Debug|Any CPU
		{869E5137-B752-4A03-9077-57E6AF2CF7DD}.Debug|Any CPU.Deploy.0 = Debug|Any CPU
		{869E5137-B752-4A03-9077-57E6AF2CF7DD}.Debug|ARM.ActiveCfg = Debug|Any CPU
		{869E5137-B752-4A03-9077-57E6AF2CF7DD}.Debug|ARM.Build.0 = Debug|Any CPU
		{869E5137-B752-4A03-9077-57E6AF2CF7DD}.Debug|ARM.Deploy.0 = Debug|Any CPU
		{869E5137-B752-4A03-9077-57E6AF2CF7DD}.Debug|iPhone.ActiveCfg = Debug|Any CPU
		{869E5137-B752-4A03-9077-57E6AF2CF7DD}.Debug|iPhone.Build.0 = Debug|Any CPU
		{869E5137-B752-4A03-9077-57E6AF2CF7DD}.Debug|iPhone.Deploy.0 = Debug|Any CPU
		{869E5137-B752-4A03-9077-57E6AF2CF7DD}.Debug|iPhoneSimulator.ActiveCfg = Debug|Any CPU
		{869E5137-B752-4A03-9077-57E6AF2CF7DD}.Debug|iPhoneSimulator.Build.0 = Debug|Any CPU
		{869E5137-B752-4A03-9077-57E6AF2CF7DD}.Debug|iPhoneSimulator.Deploy.0 = Debug|Any CPU
		{869E5137-B752-4A03-9077-57E6AF2CF7DD}.Debug|x64.ActiveCfg = Debug|Any CPU
		{869E5137-B752-4A03-9077-57E6AF2CF7DD}.Debug|x64.Build.0 = Debug|Any CPU
		{869E5137-B752-4A03-9077-57E6AF2CF7DD}.Debug|x64.Deploy.0 = Debug|Any CPU
		{869E5137-B752-4A03-9077-57E6AF2CF7DD}.Debug|x86.ActiveCfg = Debug|Any CPU
		{869E5137-B752-4A03-9077-57E6AF2CF7DD}.Debug|x86.Build.0 = Debug|Any CPU
		{869E5137-B752-4A03-9077-57E6AF2CF7DD}.Debug|x86.Deploy.0 = Debug|Any CPU
		{869E5137-B752-4A03-9077-57E6AF2CF7DD}.Release|Any CPU.ActiveCfg = Release|Any CPU
		{869E5137-B752-4A03-9077-57E6AF2CF7DD}.Release|Any CPU.Build.0 = Release|Any CPU
		{869E5137-B752-4A03-9077-57E6AF2CF7DD}.Release|Any CPU.Deploy.0 = Release|Any CPU
		{869E5137-B752-4A03-9077-57E6AF2CF7DD}.Release|ARM.ActiveCfg = Release|Any CPU
		{869E5137-B752-4A03-9077-57E6AF2CF7DD}.Release|ARM.Build.0 = Release|Any CPU
		{869E5137-B752-4A03-9077-57E6AF2CF7DD}.Release|ARM.Deploy.0 = Release|Any CPU
		{869E5137-B752-4A03-9077-57E6AF2CF7DD}.Release|iPhone.ActiveCfg = Release|Any CPU
		{869E5137-B752-4A03-9077-57E6AF2CF7DD}.Release|iPhone.Build.0 = Release|Any CPU
		{869E5137-B752-4A03-9077-57E6AF2CF7DD}.Release|iPhone.Deploy.0 = Release|Any CPU
		{869E5137-B752-4A03-9077-57E6AF2CF7DD}.Release|iPhoneSimulator.ActiveCfg = Release|Any CPU
		{869E5137-B752-4A03-9077-57E6AF2CF7DD}.Release|iPhoneSimulator.Build.0 = Release|Any CPU
		{869E5137-B752-4A03-9077-57E6AF2CF7DD}.Release|iPhoneSimulator.Deploy.0 = Release|Any CPU
		{869E5137-B752-4A03-9077-57E6AF2CF7DD}.Release|x64.ActiveCfg = Release|Any CPU
		{869E5137-B752-4A03-9077-57E6AF2CF7DD}.Release|x64.Build.0 = Release|Any CPU
		{869E5137-B752-4A03-9077-57E6AF2CF7DD}.Release|x64.Deploy.0 = Release|Any CPU
		{869E5137-B752-4A03-9077-57E6AF2CF7DD}.Release|x86.ActiveCfg = Release|Any CPU
		{869E5137-B752-4A03-9077-57E6AF2CF7DD}.Release|x86.Build.0 = Release|Any CPU
		{869E5137-B752-4A03-9077-57E6AF2CF7DD}.Release|x86.Deploy.0 = Release|Any CPU
		{E5FBEFD2-816E-4D3C-A6D1-3BF9F21E4FE7}.Debug|Any CPU.ActiveCfg = Debug|iPhoneSimulator
		{E5FBEFD2-816E-4D3C-A6D1-3BF9F21E4FE7}.Debug|Any CPU.Build.0 = Debug|iPhoneSimulator
		{E5FBEFD2-816E-4D3C-A6D1-3BF9F21E4FE7}.Debug|Any CPU.Deploy.0 = Debug|iPhoneSimulator
		{E5FBEFD2-816E-4D3C-A6D1-3BF9F21E4FE7}.Debug|ARM.ActiveCfg = Debug|iPhone
		{E5FBEFD2-816E-4D3C-A6D1-3BF9F21E4FE7}.Debug|ARM.Build.0 = Debug|iPhone
		{E5FBEFD2-816E-4D3C-A6D1-3BF9F21E4FE7}.Debug|ARM.Deploy.0 = Debug|iPhone
		{E5FBEFD2-816E-4D3C-A6D1-3BF9F21E4FE7}.Debug|iPhone.ActiveCfg = Debug|iPhone
		{E5FBEFD2-816E-4D3C-A6D1-3BF9F21E4FE7}.Debug|iPhone.Build.0 = Debug|iPhone
		{E5FBEFD2-816E-4D3C-A6D1-3BF9F21E4FE7}.Debug|iPhone.Deploy.0 = Debug|iPhone
		{E5FBEFD2-816E-4D3C-A6D1-3BF9F21E4FE7}.Debug|iPhoneSimulator.ActiveCfg = Debug|iPhoneSimulator
		{E5FBEFD2-816E-4D3C-A6D1-3BF9F21E4FE7}.Debug|iPhoneSimulator.Build.0 = Debug|iPhoneSimulator
		{E5FBEFD2-816E-4D3C-A6D1-3BF9F21E4FE7}.Debug|iPhoneSimulator.Deploy.0 = Debug|iPhoneSimulator
		{E5FBEFD2-816E-4D3C-A6D1-3BF9F21E4FE7}.Debug|x64.ActiveCfg = Debug|iPhoneSimulator
		{E5FBEFD2-816E-4D3C-A6D1-3BF9F21E4FE7}.Debug|x64.Build.0 = Debug|iPhoneSimulator
		{E5FBEFD2-816E-4D3C-A6D1-3BF9F21E4FE7}.Debug|x64.Deploy.0 = Debug|iPhoneSimulator
		{E5FBEFD2-816E-4D3C-A6D1-3BF9F21E4FE7}.Debug|x86.ActiveCfg = Debug|iPhoneSimulator
		{E5FBEFD2-816E-4D3C-A6D1-3BF9F21E4FE7}.Debug|x86.Build.0 = Debug|iPhoneSimulator
		{E5FBEFD2-816E-4D3C-A6D1-3BF9F21E4FE7}.Debug|x86.Deploy.0 = Debug|iPhoneSimulator
		{E5FBEFD2-816E-4D3C-A6D1-3BF9F21E4FE7}.Release|Any CPU.ActiveCfg = Release|iPhoneSimulator
		{E5FBEFD2-816E-4D3C-A6D1-3BF9F21E4FE7}.Release|Any CPU.Build.0 = Release|iPhoneSimulator
		{E5FBEFD2-816E-4D3C-A6D1-3BF9F21E4FE7}.Release|Any CPU.Deploy.0 = Release|iPhoneSimulator
		{E5FBEFD2-816E-4D3C-A6D1-3BF9F21E4FE7}.Release|ARM.ActiveCfg = Release|iPhoneSimulator
		{E5FBEFD2-816E-4D3C-A6D1-3BF9F21E4FE7}.Release|ARM.Build.0 = Release|iPhoneSimulator
		{E5FBEFD2-816E-4D3C-A6D1-3BF9F21E4FE7}.Release|ARM.Deploy.0 = Release|iPhoneSimulator
		{E5FBEFD2-816E-4D3C-A6D1-3BF9F21E4FE7}.Release|iPhone.ActiveCfg = Release|iPhone
		{E5FBEFD2-816E-4D3C-A6D1-3BF9F21E4FE7}.Release|iPhone.Build.0 = Release|iPhone
		{E5FBEFD2-816E-4D3C-A6D1-3BF9F21E4FE7}.Release|iPhone.Deploy.0 = Release|iPhone
		{E5FBEFD2-816E-4D3C-A6D1-3BF9F21E4FE7}.Release|iPhoneSimulator.ActiveCfg = Release|iPhoneSimulator
		{E5FBEFD2-816E-4D3C-A6D1-3BF9F21E4FE7}.Release|iPhoneSimulator.Build.0 = Release|iPhoneSimulator
		{E5FBEFD2-816E-4D3C-A6D1-3BF9F21E4FE7}.Release|iPhoneSimulator.Deploy.0 = Release|iPhoneSimulator
		{E5FBEFD2-816E-4D3C-A6D1-3BF9F21E4FE7}.Release|x64.ActiveCfg = Release|iPhoneSimulator
		{E5FBEFD2-816E-4D3C-A6D1-3BF9F21E4FE7}.Release|x64.Build.0 = Release|iPhoneSimulator
		{E5FBEFD2-816E-4D3C-A6D1-3BF9F21E4FE7}.Release|x64.Deploy.0 = Release|iPhoneSimulator
		{E5FBEFD2-816E-4D3C-A6D1-3BF9F21E4FE7}.Release|x86.ActiveCfg = Release|iPhoneSimulator
		{E5FBEFD2-816E-4D3C-A6D1-3BF9F21E4FE7}.Release|x86.Build.0 = Release|iPhoneSimulator
		{E5FBEFD2-816E-4D3C-A6D1-3BF9F21E4FE7}.Release|x86.Deploy.0 = Release|iPhoneSimulator
		{D5BF156C-8F75-44F0-B8D7-3336BF57C670}.Debug|Any CPU.ActiveCfg = Debug|Any CPU
		{D5BF156C-8F75-44F0-B8D7-3336BF57C670}.Debug|Any CPU.Build.0 = Debug|Any CPU
		{D5BF156C-8F75-44F0-B8D7-3336BF57C670}.Debug|Any CPU.Deploy.0 = Debug|Any CPU
		{D5BF156C-8F75-44F0-B8D7-3336BF57C670}.Debug|ARM.ActiveCfg = Debug|Any CPU
		{D5BF156C-8F75-44F0-B8D7-3336BF57C670}.Debug|ARM.Build.0 = Debug|Any CPU
		{D5BF156C-8F75-44F0-B8D7-3336BF57C670}.Debug|ARM.Deploy.0 = Debug|Any CPU
		{D5BF156C-8F75-44F0-B8D7-3336BF57C670}.Debug|iPhone.ActiveCfg = Debug|Any CPU
		{D5BF156C-8F75-44F0-B8D7-3336BF57C670}.Debug|iPhone.Build.0 = Debug|Any CPU
		{D5BF156C-8F75-44F0-B8D7-3336BF57C670}.Debug|iPhone.Deploy.0 = Debug|Any CPU
		{D5BF156C-8F75-44F0-B8D7-3336BF57C670}.Debug|iPhoneSimulator.ActiveCfg = Debug|Any CPU
		{D5BF156C-8F75-44F0-B8D7-3336BF57C670}.Debug|iPhoneSimulator.Build.0 = Debug|Any CPU
		{D5BF156C-8F75-44F0-B8D7-3336BF57C670}.Debug|iPhoneSimulator.Deploy.0 = Debug|Any CPU
		{D5BF156C-8F75-44F0-B8D7-3336BF57C670}.Debug|x64.ActiveCfg = Debug|Any CPU
		{D5BF156C-8F75-44F0-B8D7-3336BF57C670}.Debug|x64.Build.0 = Debug|Any CPU
		{D5BF156C-8F75-44F0-B8D7-3336BF57C670}.Debug|x64.Deploy.0 = Debug|Any CPU
		{D5BF156C-8F75-44F0-B8D7-3336BF57C670}.Debug|x86.ActiveCfg = Debug|Any CPU
		{D5BF156C-8F75-44F0-B8D7-3336BF57C670}.Debug|x86.Build.0 = Debug|Any CPU
		{D5BF156C-8F75-44F0-B8D7-3336BF57C670}.Debug|x86.Deploy.0 = Debug|Any CPU
		{D5BF156C-8F75-44F0-B8D7-3336BF57C670}.Release|Any CPU.ActiveCfg = Release|Any CPU
		{D5BF156C-8F75-44F0-B8D7-3336BF57C670}.Release|Any CPU.Build.0 = Release|Any CPU
		{D5BF156C-8F75-44F0-B8D7-3336BF57C670}.Release|Any CPU.Deploy.0 = Release|Any CPU
		{D5BF156C-8F75-44F0-B8D7-3336BF57C670}.Release|ARM.ActiveCfg = Release|Any CPU
		{D5BF156C-8F75-44F0-B8D7-3336BF57C670}.Release|ARM.Build.0 = Release|Any CPU
		{D5BF156C-8F75-44F0-B8D7-3336BF57C670}.Release|ARM.Deploy.0 = Release|Any CPU
		{D5BF156C-8F75-44F0-B8D7-3336BF57C670}.Release|iPhone.ActiveCfg = Release|Any CPU
		{D5BF156C-8F75-44F0-B8D7-3336BF57C670}.Release|iPhone.Build.0 = Release|Any CPU
		{D5BF156C-8F75-44F0-B8D7-3336BF57C670}.Release|iPhone.Deploy.0 = Release|Any CPU
		{D5BF156C-8F75-44F0-B8D7-3336BF57C670}.Release|iPhoneSimulator.ActiveCfg = Release|Any CPU
		{D5BF156C-8F75-44F0-B8D7-3336BF57C670}.Release|iPhoneSimulator.Build.0 = Release|Any CPU
		{D5BF156C-8F75-44F0-B8D7-3336BF57C670}.Release|iPhoneSimulator.Deploy.0 = Release|Any CPU
		{D5BF156C-8F75-44F0-B8D7-3336BF57C670}.Release|x64.ActiveCfg = Release|Any CPU
		{D5BF156C-8F75-44F0-B8D7-3336BF57C670}.Release|x64.Build.0 = Release|Any CPU
		{D5BF156C-8F75-44F0-B8D7-3336BF57C670}.Release|x64.Deploy.0 = Release|Any CPU
		{D5BF156C-8F75-44F0-B8D7-3336BF57C670}.Release|x86.ActiveCfg = Release|Any CPU
		{D5BF156C-8F75-44F0-B8D7-3336BF57C670}.Release|x86.Build.0 = Release|Any CPU
		{D5BF156C-8F75-44F0-B8D7-3336BF57C670}.Release|x86.Deploy.0 = Release|Any CPU
	EndGlobalSection
	GlobalSection(SolutionProperties) = preSolution
		HideSolutionNode = FALSE
	EndGlobalSection
	GlobalSection(ExtensibilityGlobals) = postSolution
		SolutionGuid = {2E57A43C-6A50-4053-BD72-2E8E55F2CB18}
	EndGlobalSection
EndGlobal
